{
  "nodes": {
    "agent-skills": {
      "inputs": {
        "home-manager": "home-manager_2",
        "nixpkgs": "nixpkgs_2"
      },
      "locked": {
        "lastModified": 1774607140,
        "narHash": "sha256-0P89BLGEzRUumWKSOEayi+Dal6mIlVumlBgcyk5Qo6s=",
        "owner": "Kyure-A",
        "repo": "agent-skills-nix",
        "rev": "e29bef0e9e56c4cc683cead15a6eda1d6fb1074e",
        "type": "github"
      },
      "original": {
        "owner": "Kyure-A",
        "repo": "agent-skills-nix",
        "type": "github"
      }
    },
    "anthropic-skills": {
      "flake": false,
      "locked": {
        "lastModified": 1776366777,
        "narHash": "sha256-BMgH43diojdUrGC6ivk87eEm2W1yWNuh2fpR9JpbUnE=",
        "owner": "anthropics",
        "repo": "skills",
        "rev": "2c7ec5e78b8e5d43ea02e90bb8826f6b9f147b0c",
        "type": "github"
      },
      "original": {
        "owner": "anthropics",
        "repo": "skills",
        "type": "github"
      }
    },
    "disko": {
      "inputs": {
        "nixpkgs": [
          "nixpkgs"
        ]
      },
      "locked": {
        "lastModified": 1773889306,
        "narHash": "sha256-PAqwnsBSI9SVC2QugvQ3xeYCB0otOwCacB1ueQj2tgw=",
        "owner": "nix-community",
        "repo": "disko",
        "rev": "5ad85c82cc52264f4beddc934ba57f3789f28347",
        "type": "github"
      },
      "original": {
        "owner": "nix-community",
        "repo": "disko",
        "type": "github"
      }
    },
    "home-manager": {
      "inputs": {
        "nixpkgs": [
          "nixpkgs"
        ]
      },
      "locked": {
        "lastModified": 1774647770,
        "narHash": "sha256-UNNi14XiqRWWjO8ykbFwA5wRwx7EscsC+GItOVpuGjc=",
        "owner": "nix-community",
        "repo": "home-manager",
        "rev": "02371c05a04a2876cf92e2d67a259e8f87399068",
        "type": "github"
      },
      "original": {
        "owner": "nix-community",
        "repo": "home-manager",
        "type": "github"
      }
    },
    "home-manager_2": {
      "inputs": {
        "nixpkgs": [
          "skills-catalog",
          "agent-skills",
          "nixpkgs"
        ]
      },
      "locked": {
        "lastModified": 1773608492,
        "narHash": "sha256-QZteyExJYSQzgxqdsesDPbQgjctGG7iKV/6ooyQPITk=",
        "owner": "nix-community",
        "repo": "home-manager",
        "rev": "9a40ec3b78fc688d0908485887d355caa5666d18",
        "type": "github"
      },
      "original": {
        "owner": "nix-community",
        "repo": "home-manager",
        "type": "github"
      }
    },
    "nix-darwin": {
      "inputs": {
        "nixpkgs": [
          "nixpkgs"
        ]
      },
      "locked": {
        "lastModified": 1773000227,
        "narHash": "sha256-zm3ftUQw0MPumYi91HovoGhgyZBlM4o3Zy0LhPNwzXE=",
        "owner": "LnL7",
        "repo": "nix-darwin",
        "rev": "da529ac9e46f25ed5616fd634079a5f3c579135f",
        "type": "github"
      },
      "original": {
        "owner": "LnL7",
        "repo": "nix-darwin",
        "type": "github"
      }
    },
    "nixpkgs": {
      "locked": {
        "lastModified": 1774386573,
        "narHash": "sha256-4hAV26quOxdC6iyG7kYaZcM3VOskcPUrdCQd/nx8obc=",
        "owner": "NixOS",
        "repo": "nixpkgs",
        "rev": "46db2e09e1d3f113a13c0d7b81e2f221c63b8ce9",
        "type": "github"
      },
      "original": {
        "owner": "NixOS",
        "ref": "nixos-unstable",
        "repo": "nixpkgs",
        "type": "github"
      }
    },
    "nixpkgs_2": {
      "locked": {
        "lastModified": 1773520392,
        "narHash": "sha256-Ra3l8zI7AYwaCxXcU4An8jAC1hhz/TEleXboJhWaBwY=",
        "owner": "NixOS",
        "repo": "nixpkgs",
        "rev": "f59e980846fe86cd831899cd032fdbd1d6054086",
        "type": "github"
      },
      "original": {
        "owner": "NixOS",
        "ref": "nixos-unstable",
        "repo": "nixpkgs",
        "type": "github"
      }
    },
    "root": {
      "inputs": {
        "disko": "disko",
        "home-manager": "home-manager",
        "nix-darwin": "nix-darwin",
        "nixpkgs": "nixpkgs",
        "skills-catalog": "skills-catalog",
        "vsci-feed-darwin-arm64": "vsci-feed-darwin-arm64",
        "vsci-feed-darwin-x64": "vsci-feed-darwin-x64",
        "vsci-feed-linux-arm64": "vsci-feed-linux-arm64",
        "vsci-feed-linux-x64": "vsci-feed-linux-x64",
        "zen-browser": "zen-browser"
      }
    },
    "skills-catalog": {
      "inputs": {
        "agent-skills": "agent-skills",
        "anthropic-skills": "anthropic-skills",
        "vercel-agent-browser": "vercel-agent-browser",
        "vercel-skills": "vercel-skills"
      },
      "locked": {
        "path": "./modules/common/agent-skills",
        "type": "path"
      },
      "original": {
        "path": "./modules/common/agent-skills",
        "type": "path"
      },
      "parent": []
    },
    "vercel-agent-browser": {
      "flake": false,
      "locked": {
        "lastModified": 1776382403,
        "narHash": "sha256-q3UcFTB8OMOrfx5xcNPtBBAwOxoscwrjGg+y8tdETm0=",
        "owner": "vercel-labs",
        "repo": "agent-browser",
        "rev": "717d1b09e1c841a4c0206033886a1a861e3ca5d9",
        "type": "github"
      },
      "original": {
        "owner": "vercel-labs",
        "repo": "agent-browser",
        "type": "github"
      }
    },
    "vercel-skills": {
      "flake": false,
      "locked": {
        "lastModified": 1776452881,
        "narHash": "sha256-JVJeottMyjxdiGPS7O4QsshKdbwbYcKMvwe/PB7I/Zw=",
        "owner": "vercel-labs",
        "repo": "skills",
        "rev": "bc21a37a12b90fcb5aec051c91baf5b227b704b1",
        "type": "github"
      },
      "original": {
        "owner": "vercel-labs",
        "repo": "skills",
        "type": "github"
      }
    },
    "vsci-feed-darwin-arm64": {
      "flake": false,
      "locked": {
        "narHash": "sha256-W/yHXsSG2H4V+poVVEdhP6D6AtTJZYoibeLvtvNbWG4=",
        "type": "file",
        "url": "https://update.code.visualstudio.com/api/update/darwin-arm64/insider/latest"
      },
      "original": {
        "type": "file",
        "url": "https://update.code.visualstudio.com/api/update/darwin-arm64/insider/latest"
      }
    },
    "vsci-feed-darwin-x64": {
      "flake": false,
      "locked": {
        "narHash": "sha256-+7H7JFuDM4E+IPkRTBukCf+c2rgrCLLBIzWZFYoA9ko=",
        "type": "file",
        "url": "https://update.code.visualstudio.com/api/update/darwin/insider/latest"
      },
      "original": {
        "type": "file",
        "url": "https://update.code.visualstudio.com/api/update/darwin/insider/latest"
      }
    },
    "vsci-feed-linux-arm64": {
      "flake": false,
      "locked": {
        "narHash": "sha256-EKfL+Ajlk9/dhDHhdmVjyWuWcvggdWluVMUeKsP9eHQ=",
        "type": "file",
        "url": "https://update.code.visualstudio.com/api/update/linux-arm64/insider/latest"
      },
      "original": {
        "type": "file",
        "url": "https://update.code.visualstudio.com/api/update/linux-arm64/insider/latest"
      }
    },
    "vsci-feed-linux-x64": {
      "flake": false,
      "locked": {
        "narHash": "sha256-dRdy26ANXIETrDUXIhMgsTpncAcRWYSTa1ZLA44kjdQ=",
        "type": "file",
        "url": "https://update.code.visualstudio.com/api/update/linux-x64/insider/latest"
      },
      "original": {
        "type": "file",
        "url": "https://update.code.visualstudio.com/api/update/linux-x64/insider/latest"
      }
    },
    "zen-browser": {
      "inputs": {
        "home-manager": [
          "home-manager"
        ],
        "nixpkgs": [
          "nixpkgs"
        ]
      },
      "locked": {
        "lastModified": 1776144279,
        "narHash": "sha256-eX3u6wJ34+qu7ZR1qWOaToGWmudYQSOEStZZm6goP+8=",
        "owner": "0xc000022070",
        "repo": "zen-browser-flake",
        "rev": "727de8a44c85e90f899c540cf3ffa0d5d3344f9c",
        "type": "github"
      },
      "original": {
        "owner": "0xc000022070",
        "repo": "zen-browser-flake",
        "type": "github"
      }
    }
  },
  "root": "root",
  "version": 7
}
